
Microsoft Visual Studio Solution File, Format Version 12.00
# Visual Studio 15
VisualStudioVersion = 15.0.28010.2046
MinimumVisualStudioVersion = 10.0.40219.1
Project("{FAE04EC0-301F-11D3-BF4B-00C04F79EFBC}") = "BinPC", "BinPC\BinPC.csproj", "{46745E93-294B-4350-AE56-D2D7D608AE74}"
EndProject
Global
	GlobalSection(SolutionConfigurationPlatforms) = preSolution
		Debug|Any CPU = Debug|Any CPU
		Release|Any CPU = Release|Any CPU
	EndGlobalSection
	GlobalSection(ProjectConfigurationPlatforms) = postSolution
		{46745E93-294B-4350-AE56-D2D7D608AE74}.Debug|Any CPU.ActiveCfg = Debug|Any CPU
		{46745E93-294B-4350-AE56-D2D7D608AE74}.Debug|Any CPU.Build.0 = Debug|Any CPU
		{46745E93-294B-4350-AE56-D2D7D608AE74}.Release|Any CPU.ActiveCfg = Release|Any CPU
		{46745E93-294B-4350-AE56-D2D7D608AE74}.Release|Any CPU.Build.0 = Release|Any CPU
	EndGlobalSection
	GlobalSection(SolutionProperties) = preSolution
		HideSolutionNode = FALSE
	EndGlobalSection
	GlobalSection(ExtensibilityGlobals) = postSolution
		SolutionGuid = {6A5A62A9-F6B1-414F-94F2-746F6D9D4E8C}
	EndGlobalSection
EndGlobal
